// !$*UTF8*$!
{
	archiveVersion = 1;
	classes = {
	};
	objectVersion = 55;
	objects = {

/* Begin PBXBuildFile section */
		E53279E228C9D72F00E15B47 /* Utils.swift in Sources */ = {isa = PBXBuildFile; fileRef = E53279E128C9D72F00E15B47 /* Utils.swift */; };
		E53279EC28C9DA5A00E15B47 /* tests.swift in Sources */ = {isa = PBXBuildFile; fileRef = E53279EB28C9DA5A00E15B47 /* tests.swift */; };
		E5BACD6627A9B58100B7ACB4 /* App.swift in Sources */ = {isa = PBXBuildFile; fileRef = E5BACD6527A9B58100B7ACB4 /* App.swift */; };
		E5BACD6827A9B58100B7ACB4 /* ContentView.swift in Sources */ = {isa = PBXBuildFile; fileRef = E5BACD6727A9B58100B7ACB4 /* ContentView.swift */; };
		E5BACD6A27A9B58200B7ACB4 /* Assets.xcassets in Resources */ = {isa = PBXBuildFile; fileRef = E5BACD6927A9B58200B7ACB4 /* Assets.xcassets */; };
		E5BACD6D27A9B58200B7ACB4 /* Preview Assets.xcassets in Resources */ = {isa = PBXBuildFile; fileRef = E5BACD6C27A9B58200B7ACB4 /* Preview Assets.xcassets */; };
		E5BACD7427A9B5BB00B7ACB4 /* Launch.storyboard in Resources */ = {isa = PBXBuildFile; fileRef = E5BACD7327A9B5BB00B7ACB4 /* Launch.storyboard */; };
/* End PBXBuildFile section */

/* Begin PBXContainerItemProxy section */
		E53279ED28C9DA5A00E15B47 /* PBXContainerItemProxy */ = {
			isa = PBXContainerItemProxy;
			containerPortal = E5BACD5A27A9B58100B7ACB4 /* Project object */;
			proxyType = 1;
			remoteGlobalIDString = E5BACD6127A9B58100B7ACB4;
			remoteInfo = lab;
		};
/* End PBXContainerItemProxy section */

/* Begin PBXFileReference section */
		E51A5CE428C9B7D600D3A1E8 /* Definitions.h */ = {isa = PBXFileReference; lastKnownFileType = sourcecode.c.h; path = Definitions.h; sourceTree = "<group>"; };
		E53279E128C9D72F00E15B47 /* Utils.swift */ = {isa = PBXFileReference; lastKnownFileType = sourcecode.swift; path = Utils.swift; sourceTree = "<group>"; };
		E53279E928C9DA5A00E15B47 /* tests.xctest */ = {isa = PBXFileReference; explicitFileType = wrapper.cfbundle; includeInIndex = 0; path = tests.xctest; sourceTree = BUILT_PRODUCTS_DIR; };
		E53279EB28C9DA5A00E15B47 /* tests.swift */ = {isa = PBXFileReference; lastKnownFileType = sourcecode.swift; path = tests.swift; sourceTree = "<group>"; };
		E5BACD6227A9B58100B7ACB4 /* lab.app */ = {isa = PBXFileReference; explicitFileType = wrapper.application; includeInIndex = 0; path = lab.app; sourceTree = BUILT_PRODUCTS_DIR; };
		E5BACD6527A9B58100B7ACB4 /* App.swift */ = {isa = PBXFileReference; lastKnownFileType = sourcecode.swift; path = App.swift; sourceTree = "<group>"; };
		E5BACD6727A9B58100B7ACB4 /* ContentView.swift */ = {isa = PBXFileReference; lastKnownFileType = sourcecode.swift; path = ContentView.swift; sourceTree = "<group>"; };
		E5BACD6927A9B58200B7ACB4 /* Assets.xcassets */ = {isa = PBXFileReference; lastKnownFileType = folder.assetcatalog; path = Assets.xcassets; sourceTree = "<group>"; };
		E5BACD6C27A9B58200B7ACB4 /* Preview Assets.xcassets */ = {isa = PBXFileReference; lastKnownFileType = folder.assetcatalog; path = "Preview Assets.xcassets"; sourceTree = "<group>"; };
		E5BACD7327A9B5BB00B7ACB4 /* Launch.storyboard */ = {isa = PBXFileReference; lastKnownFileType = file.storyboard; path = Launch.storyboard; sourceTree = "<group>"; };
		E5BACD7527A9B65E00B7ACB4 /* Info.plist */ = {isa = PBXFileReference; lastKnownFileType = text.plist; path = Info.plist; sourceTree = "<group>"; };
/* End PBXFileReference section */

/* Begin PBXFrameworksBuildPhase section */
		E53279E628C9DA5A00E15B47 /* Frameworks */ = {
			isa = PBXFrameworksBuildPhase;
			buildActionMask = 2147483647;
			files = (
			);
			runOnlyForDeploymentPostprocessing = 0;
		};
		E5BACD5F27A9B58100B7ACB4 /* Frameworks */ = {
			isa = PBXFrameworksBuildPhase;
			buildActionMask = 2147483647;
			files = (
			);
			runOnlyForDeploymentPostprocessing = 0;
		};
/* End PBXFrameworksBuildPhase section */

/* Begin PBXGroup section */
		E53279EA28C9DA5A00E15B47 /* tests */ = {
			isa = PBXGroup;
			children = (
				E53279EB28C9DA5A00E15B47 /* tests.swift */,
			);
			path = tests;
			sourceTree = "<group>";
		};
		E5BACD5927A9B58100B7ACB4 = {
			isa = PBXGroup;
			children = (
				E5BACD6427A9B58100B7ACB4 /* lab */,
				E53279EA28C9DA5A00E15B47 /* tests */,
				E5BACD6327A9B58100B7ACB4 /* Products */,
			);
			sourceTree = "<group>";
		};
		E5BACD6327A9B58100B7ACB4 /* Products */ = {
			isa = PBXGroup;
			children = (
				E5BACD6227A9B58100B7ACB4 /* lab.app */,
				E53279E928C9DA5A00E15B47 /* tests.xctest */,
			);
			name = Products;
			sourceTree = "<group>";
		};
		E5BACD6427A9B58100B7ACB4 /* lab */ = {
			isa = PBXGroup;
			children = (
				E5BACD7527A9B65E00B7ACB4 /* Info.plist */,
				E5BACD6527A9B58100B7ACB4 /* App.swift */,
				E5BACD6727A9B58100B7ACB4 /* ContentView.swift */,
				E53279E128C9D72F00E15B47 /* Utils.swift */,
				E5BACD7327A9B5BB00B7ACB4 /* Launch.storyboard */,
				E5BACD6927A9B58200B7ACB4 /* Assets.xcassets */,
				E5BACD6B27A9B58200B7ACB4 /* Preview Content */,
				E51A5CE428C9B7D600D3A1E8 /* Definitions.h */,
			);
			path = lab;
			sourceTree = "<group>";
		};
		E5BACD6B27A9B58200B7ACB4 /* Preview Content */ = {
			isa = PBXGroup;
			children = (
				E5BACD6C27A9B58200B7ACB4 /* Preview Assets.xcassets */,
			);
			path = "Preview Content";
			sourceTree = "<group>";
		};
/* End PBXGroup section */

/* Begin PBXNativeTarget section */
		E53279E828C9DA5A00E15B47 /* tests */ = {
			isa = PBXNativeTarget;
			buildConfigurationList = E53279EF28C9DA5A00E15B47 /* Build configuration list for PBXNativeTarget "tests" */;
			buildPhases = (
				E53279E528C9DA5A00E15B47 /* Sources */,
				E53279E628C9DA5A00E15B47 /* Frameworks */,
				E53279E728C9DA5A00E15B47 /* Resources */,
			);
			buildRules = (
			);
			dependencies = (
				E53279EE28C9DA5A00E15B47 /* PBXTargetDependency */,
			);
			name = tests;
			productName = tests;
			productReference = E53279E928C9DA5A00E15B47 /* tests.xctest */;
			productType = "com.apple.product-type.bundle.unit-test";
		};
		E5BACD6127A9B58100B7ACB4 /* lab */ = {
			isa = PBXNativeTarget;
			buildConfigurationList = E5BACD7027A9B58200B7ACB4 /* Build configuration list for PBXNativeTarget "lab" */;
			buildPhases = (
				E5BACD5E27A9B58100B7ACB4 /* Sources */,
				E5BACD5F27A9B58100B7ACB4 /* Frameworks */,
				E5BACD6027A9B58100B7ACB4 /* Resources */,
			);
			buildRules = (
			);
			dependencies = (
			);
			name = lab;
			productName = lab;
			productReference = E5BACD6227A9B58100B7ACB4 /* lab.app */;
			productType = "com.apple.product-type.application";
		};
/* End PBXNativeTarget section */

/* Begin PBXProject section */
		E5BACD5A27A9B58100B7ACB4 /* Project object */ = {
			isa = PBXProject;
			attributes = {
				BuildIndependentTargetsInParallel = 1;
				LastSwiftUpdateCheck = 1330;
				LastUpgradeCheck = 1320;
				TargetAttributes = {
					E53279E828C9DA5A00E15B47 = {
						CreatedOnToolsVersion = 13.3;
						TestTargetID = E5BACD6127A9B58100B7ACB4;
					};
					E5BACD6127A9B58100B7ACB4 = {
						CreatedOnToolsVersion = 13.2.1;
					};
				};
			};
			buildConfigurationList = E5BACD5D27A9B58100B7ACB4 /* Build configuration list for PBXProject "lab" */;
			compatibilityVersion = "Xcode 13.0";
			developmentRegion = en;
			hasScannedForEncodings = 0;
			knownRegions = (
				en,
				Base,
			);
			mainGroup = E5BACD5927A9B58100B7ACB4;
			productRefGroup = E5BACD6327A9B58100B7ACB4 /* Products */;
			projectDirPath = "";
			projectRoot = "";
			targets = (
				E5BACD6127A9B58100B7ACB4 /* lab */,
				E53279E828C9DA5A00E15B47 /* tests */,
			);
		};
/* End PBXProject section */

/* Begin PBXResourcesBuildPhase section */
		E53279E728C9DA5A00E15B47 /* Resources */ = {
			isa = PBXResourcesBuildPhase;
			buildActionMask = 2147483647;
			files = (
			);
			runOnlyForDeploymentPostprocessing = 0;
		};
		E5BACD6027A9B58100B7ACB4 /* Resources */ = {
			isa = PBXResourcesBuildPhase;
			buildActionMask = 2147483647;
			files = (
				E5BACD6D27A9B58200B7ACB4 /* Preview Assets.xcassets in Resources */,
				E5BACD6A27A9B58200B7ACB4 /* Assets.xcassets in Resources */,
				E5BACD7427A9B5BB00B7ACB4 /* Launch.storyboard in Resources */,
			);
			runOnlyForDeploymentPostprocessing = 0;
		};
/* End PBXResourcesBuildPhase section */

/* Begin PBXSourcesBuildPhase section */
		E53279E528C9DA5A00E15B47 /* Sources */ = {
			isa = PBXSourcesBuildPhase;
			buildActionMask = 2147483647;
			files = (
				E53279EC28C9DA5A00E15B47 /* tests.swift in Sources */,
			);
			runOnlyForDeploymentPostprocessing = 0;
		};
		E5BACD5E27A9B58100B7ACB4 /* Sources */ = {
			isa = PBXSourcesBuildPhase;
			buildActionMask = 2147483647;
			files = (
				E5BACD6827A9B58100B7ACB4 /* ContentView.swift in Sources */,
				E5BACD6627A9B58100B7ACB4 /* App.swift in Sources */,
				E53279E228C9D72F00E15B47 /* Utils.swift in Sources */,
			);
			runOnlyForDeploymentPostprocessing = 0;
		};
/* End PBXSourcesBuildPhase section */

/* Begin PBXTargetDependency section */
		E53279EE28C9DA5A00E15B47 /* PBXTargetDependency */ = {
			isa = PBXTargetDependency;
			target = E5BACD6127A9B58100B7ACB4 /* lab */;
			targetProxy = E53279ED28C9DA5A00E15B47 /* PBXContainerItemProxy */;
		};
/* End PBXTargetDependency section */

/* Begin XCBuildConfiguration section */
		E53279F028C9DA5A00E15B47 /* Debug */ = {
			isa = XCBuildConfiguration;
			buildSettings = {
				ALLOW_TARGET_PLATFORM_SPECIALIZATION = YES;
				BUNDLE_LOADER = "$(TEST_HOST)";
				CODE_SIGN_STYLE = Automatic;
				CURRENT_PROJECT_VERSION = 1;
				DEVELOPMENT_TEAM = FF27U4CL9J;
				GENERATE_INFOPLIST_FILE = YES;
				IPHONEOS_DEPLOYMENT_TARGET = 15.2;
				MARKETING_VERSION = 1.0;
				PRODUCT_BUNDLE_IDENTIFIER = dev.azarattum.tests;
				PRODUCT_NAME = "$(TARGET_NAME)";
				SUPPORTED_PLATFORMS = "watchsimulator watchos macosx iphonesimulator iphoneos driverkit appletvsimulator appletvos";
				SUPPORTS_MACCATALYST = YES;
				SWIFT_EMIT_LOC_STRINGS = NO;
				SWIFT_VERSION = 5.0;
				TARGETED_DEVICE_FAMILY = "1,2";
				TEST_HOST = "$(BUILT_PRODUCTS_DIR)/lab.app/lab";
			};
			name = Debug;
		};
		E53279F128C9DA5A00E15B47 /* Release */ = {
			isa = XCBuildConfiguration;
			buildSettings = {
				ALLOW_TARGET_PLATFORM_SPECIALIZATION = YES;
				BUNDLE_LOADER = "$(TEST_HOST)";
				CODE_SIGN_STYLE = Automatic;
				CURRENT_PROJECT_VERSION = 1;
				DEVELOPMENT_TEAM = FF27U4CL9J;
				GENERATE_INFOPLIST_FILE = YES;
				IPHONEOS_DEPLOYMENT_TARGET = 15.2;
				MARKETING_VERSION = 1.0;
				PRODUCT_BUNDLE_IDENTIFIER = dev.azarattum.tests;
				PRODUCT_NAME = "$(TARGET_NAME)";
				SUPPORTED_PLATFORMS = "watchsimulator watchos macosx iphonesimulator iphoneos driverkit appletvsimulator appletvos";
				SUPPORTS_MACCATALYST = YES;
				SWIFT_EMIT_LOC_STRINGS = NO;
				SWIFT_VERSION = 5.0;
				TARGETED_DEVICE_FAMILY = "1,2";
				TEST_HOST = "$(BUILT_PRODUCTS_DIR)/lab.app/lab";
			};
			name = Release;
		};
		E5BACD6E27A9B58200B7ACB4 /* Debug */ = {
			isa = XCBuildConfiguration;
			buildSettings = {
				ALWAYS_SEARCH_USER_PATHS = NO;
				CLANG_ANALYZER_NONNULL = YES;
				CLANG_ANALYZER_NUMBER_OBJECT_CONVERSION = YES_AGGRESSIVE;
				CLANG_CXX_LANGUAGE_STANDARD = "gnu++17";
				CLANG_CXX_LIBRARY = "libc++";
				CLANG_ENABLE_MODULES = YES;
				CLANG_ENABLE_OBJC_ARC = YES;
				CLANG_ENABLE_OBJC_WEAK = YES;
				CLANG_WARN_BLOCK_CAPTURE_AUTORELEASING = YES;
				CLANG_WARN_BOOL_CONVERSION = YES;
				CLANG_WARN_COMMA = YES;
				CLANG_WARN_CONSTANT_CONVERSION = YES;
				CLANG_WARN_DEPRECATED_OBJC_IMPLEMENTATIONS = YES;
				CLANG_WARN_DIRECT_OBJC_ISA_USAGE = YES_ERROR;
				CLANG_WARN_DOCUMENTATION_COMMENTS = YES;
				CLANG_WARN_EMPTY_BODY = YES;
				CLANG_WARN_ENUM_CONVERSION = YES;
				CLANG_WARN_INFINITE_RECURSION = YES;
				CLANG_WARN_INT_CONVERSION = YES;
				CLANG_WARN_NON_LITERAL_NULL_CONVERSION = YES;
				CLANG_WARN_OBJC_IMPLICIT_RETAIN_SELF = YES;
				CLANG_WARN_OBJC_LITERAL_CONVERSION = YES;
				CLANG_WARN_OBJC_ROOT_CLASS = YES_ERROR;
				CLANG_WARN_QUOTED_INCLUDE_IN_FRAMEWORK_HEADER = YES;
				CLANG_WARN_RANGE_LOOP_ANALYSIS = YES;
				CLANG_WARN_STRICT_PROTOTYPES = YES;
				CLANG_WARN_SUSPICIOUS_MOVE = YES;
				CLANG_WARN_UNGUARDED_AVAILABILITY = YES_AGGRESSIVE;
				CLANG_WARN_UNREACHABLE_CODE = YES;
				CLANG_WARN__DUPLICATE_METHOD_MATCH = YES;
				COPY_PHASE_STRIP = NO;
				DEBUG_INFORMATION_FORMAT = dwarf;
				ENABLE_STRICT_OBJC_MSGSEND = YES;
				ENABLE_TESTABILITY = YES;
				GCC_C_LANGUAGE_STANDARD = gnu11;
				GCC_DYNAMIC_NO_PIC = NO;
				GCC_NO_COMMON_BLOCKS = YES;
				GCC_OPTIMIZATION_LEVEL = 0;
				GCC_PREPROCESSOR_DEFINITIONS = (
					"DEBUG=1",
					"$(inherited)",
				);
				GCC_WARN_64_TO_32_BIT_CONVERSION = YES;
				GCC_WARN_ABOUT_RETURN_TYPE = YES_ERROR;
				GCC_WARN_UNDECLARED_SELECTOR = YES;
				GCC_WARN_UNINITIALIZED_AUTOS = YES_AGGRESSIVE;
				GCC_WARN_UNUSED_FUNCTION = YES;
				GCC_WARN_UNUSED_VARIABLE = YES;
				IPHONEOS_DEPLOYMENT_TARGET = 15.2;
				MTL_ENABLE_DEBUG_INFO = INCLUDE_SOURCE;
				MTL_FAST_MATH = YES;
				ONLY_ACTIVE_ARCH = YES;
				SDKROOT = iphoneos;
				SWIFT_ACTIVE_COMPILATION_CONDITIONS = DEBUG;
				SWIFT_OPTIMIZATION_LEVEL = "-Onone";
			};
			name = Debug;
		};
		E5BACD6F27A9B58200B7ACB4 /* Release */ = {
			isa = XCBuildConfiguration;
			buildSettings = {
				ALWAYS_SEARCH_USER_PATHS = NO;
				CLANG_ANALYZER_NONNULL = YES;
				CLANG_ANALYZER_NUMBER_OBJECT_CONVERSION = YES_AGGRESSIVE;
				CLANG_CXX_LANGUAGE_STANDARD = "gnu++17";
				CLANG_CXX_LIBRARY = "libc++";
				CLANG_ENABLE_MODULES = YES;
				CLANG_ENABLE_OBJC_ARC = YES;
				CLANG_ENABLE_OBJC_WEAK = YES;
				CLANG_WARN_BLOCK_CAPTURE_AUTORELEASING = YES;
				CLANG_WARN_BOOL_CONVERSION = YES;
				CLANG_WARN_COMMA = YES;
				CLANG_WARN_CONSTANT_CONVERSION = YES;
				CLANG_WARN_DEPRECATED_OBJC_IMPLEMENTATIONS = YES;
				CLANG_WARN_DIRECT_OBJC_ISA_USAGE = YES_ERROR;
				CLANG_WARN_DOCUMENTATION_COMMENTS = YES;
				CLANG_WARN_EMPTY_BODY = YES;
				CLANG_WARN_ENUM_CONVERSION = YES;
				CLANG_WARN_INFINITE_RECURSION = YES;
				CLANG_WARN_INT_CONVERSION = YES;
				CLANG_WARN_NON_LITERAL_NULL_CONVERSION = YES;
				CLANG_WARN_OBJC_IMPLICIT_RETAIN_SELF = YES;
				CLANG_WARN_OBJC_LITERAL_CONVERSION = YES;
				CLANG_WARN_OBJC_ROOT_CLASS = YES_ERROR;
				CLANG_WARN_QUOTED_INCLUDE_IN_FRAMEWORK_HEADER = YES;
				CLANG_WARN_RANGE_LOOP_ANALYSIS = YES;
				CLANG_WARN_STRICT_PROTOTYPES = YES;
				CLANG_WARN_SUSPICIOUS_MOVE = YES;
				CLANG_WARN_UNGUARDED_AVAILABILITY = YES_AGGRESSIVE;
				CLANG_WARN_UNREACHABLE_CODE = YES;
				CLANG_WARN__DUPLICATE_METHOD_MATCH = YES;
				COPY_PHASE_STRIP = NO;
				DEBUG_INFORMATION_FORMAT = "dwarf-with-dsym";
				ENABLE_NS_ASSERTIONS = NO;
				ENABLE_STRICT_OBJC_MSGSEND = YES;
				GCC_C_LANGUAGE_STANDARD = gnu11;
				GCC_NO_COMMON_BLOCKS = YES;
				GCC_WARN_64_TO_32_BIT_CONVERSION = YES;
				GCC_WARN_ABOUT_RETURN_TYPE = YES_ERROR;
				GCC_WARN_UNDECLARED_SELECTOR = YES;
				GCC_WARN_UNINITIALIZED_AUTOS = YES_AGGRESSIVE;
				GCC_WARN_UNUSED_FUNCTION = YES;
				GCC_WARN_UNUSED_VARIABLE = YES;
				IPHONEOS_DEPLOYMENT_TARGET = 15.2;
				MTL_ENABLE_DEBUG_INFO = NO;
				MTL_FAST_MATH = YES;
				SDKROOT = iphoneos;
				SWIFT_COMPILATION_MODE = wholemodule;
				SWIFT_OPTIMIZATION_LEVEL = "-O";
				VALIDATE_PRODUCT = YES;
			};
			name = Release;
		};
		E5BACD7127A9B58200B7ACB4 /* Debug */ = {
			isa = XCBuildConfiguration;
			buildSettings = {
				ASSETCATALOG_COMPILER_APPICON_NAME = AppIcon;
				ASSETCATALOG_COMPILER_GLOBAL_ACCENT_COLOR_NAME = AccentColor;
				CODE_SIGN_STYLE = Automatic;
				CURRENT_PROJECT_VERSION = 1;
				DEVELOPMENT_ASSET_PATHS = "\"lab/Preview Content\"";
				DEVELOPMENT_TEAM = FF27U4CL9J;
				ENABLE_PREVIEWS = YES;
				GENERATE_INFOPLIST_FILE = YES;
				INFOPLIST_FILE = lab/Info.plist;
				INFOPLIST_KEY_CFBundleDisplayName = Lab;
				INFOPLIST_KEY_UIApplicationSupportsIndirectInputEvents = YES;
				INFOPLIST_KEY_UILaunchScreen_Generation = YES;
				INFOPLIST_KEY_UILaunchStoryboardName = Launch;
				INFOPLIST_KEY_UISupportedInterfaceOrientations = UIInterfaceOrientationPortrait;
				INFOPLIST_KEY_UISupportedInterfaceOrientations_iPad = "UIInterfaceOrientationPortrait UIInterfaceOrientationPortraitUpsideDown UIInterfaceOrientationLandscapeLeft UIInterfaceOrientationLandscapeRight";
				INFOPLIST_KEY_UISupportedInterfaceOrientations_iPhone = "UIInterfaceOrientationPortrait UIInterfaceOrientationLandscapeLeft UIInterfaceOrientationLandscapeRight";
				IPHONEOS_DEPLOYMENT_TARGET = 13.6;
				LD_RUNPATH_SEARCH_PATHS = (
					"$(inherited)",
					"@executable_path/Frameworks",
				);
				MARKETING_VERSION = 1.0;
				PRODUCT_BUNDLE_IDENTIFIER = dev.azarattum.lab;
				PRODUCT_NAME = "$(TARGET_NAME)";
				SWIFT_EMIT_LOC_STRINGS = YES;
				SWIFT_OBJC_BRIDGING_HEADER = lab/Definitions.h;
				SWIFT_VERSION = 5.0;
				TARGETED_DEVICE_FAMILY = 1;
			};
			name = Debug;
		};
		E5BACD7227A9B58200B7ACB4 /* Release */ = {
			isa = XCBuildConfiguration;
			buildSettings = {
				ASSETCATALOG_COMPILER_APPICON_NAME = AppIcon;
				ASSETCATALOG_COMPILER_GLOBAL_ACCENT_COLOR_NAME = AccentColor;
				CODE_SIGN_STYLE = Automatic;
				CURRENT_PROJECT_VERSION = 1;
				DEVELOPMENT_ASSET_PATHS = "\"lab/Preview Content\"";
				DEVELOPMENT_TEAM = FF27U4CL9J;
				ENABLE_PREVIEWS = YES;
				GENERATE_INFOPLIST_FILE = YES;
				INFOPLIST_FILE = lab/Info.plist;
				INFOPLIST_KEY_CFBundleDisplayName = Lab;
				INFOPLIST_KEY_UIApplicationSupportsIndirectInputEvents = YES;
				INFOPLIST_KEY_UILaunchScreen_Generation = YES;
				INFOPLIST_KEY_UILaunchStoryboardName = Launch;
				INFOPLIST_KEY_UISupportedInterfaceOrientations = UIInterfaceOrientationPortrait;
				INFOPLIST_KEY_UISupportedInterfaceOrientations_iPad = "UIInterfaceOrientationPortrait UIInterfaceOrientationPortraitUpsideDown UIInterfaceOrientationLandscapeLeft UIInterfaceOrientationLandscapeRight";
				INFOPLIST_KEY_UISupportedInterfaceOrientations_iPhone = "UIInterfaceOrientationPortrait UIInterfaceOrientationLandscapeLeft UIInterfaceOrientationLandscapeRight";
				IPHONEOS_DEPLOYMENT_TARGET = 13.6;
				LD_RUNPATH_SEARCH_PATHS = (
					"$(inherited)",
					"@executable_path/Frameworks",
				);
				MARKETING_VERSION = 1.0;
				PRODUCT_BUNDLE_IDENTIFIER = dev.azarattum.lab;
				PRODUCT_NAME = "$(TARGET_NAME)";
				SWIFT_EMIT_LOC_STRINGS = YES;
				SWIFT_OBJC_BRIDGING_HEADER = lab/Definitions.h;
				SWIFT_VERSION = 5.0;
				TARGETED_DEVICE_FAMILY = 1;
			};
			name = Release;
		};
/* End XCBuildConfiguration section */

/* Begin XCConfigurationList section */
		E53279EF28C9DA5A00E15B47 /* Build configuration list for PBXNativeTarget "tests" */ = {
			isa = XCConfigurationList;
			buildConfigurations = (
				E53279F028C9DA5A00E15B47 /* Debug */,
				E53279F128C9DA5A00E15B47 /* Release */,
			);
			defaultConfigurationIsVisible = 0;
			defaultConfigurationName = Release;
		};
		E5BACD5D27A9B58100B7ACB4 /* Build configuration list for PBXProject "lab" */ = {
			isa = XCConfigurationList;
			buildConfigurations = (
				E5BACD6E27A9B58200B7ACB4 /* Debug */,
				E5BACD6F27A9B58200B7ACB4 /* Release */,
			);
			defaultConfigurationIsVisible = 0;
			defaultConfigurationName = Release;
		};
		E5BACD7027A9B58200B7ACB4 /* Build configuration list for PBXNativeTarget "lab" */ = {
			isa = XCConfigurationList;
			buildConfigurations = (
				E5BACD7127A9B58200B7ACB4 /* Debug */,
				E5BACD7227A9B58200B7ACB4 /* Release */,
			);
			defaultConfigurationIsVisible = 0;
			defaultConfigurationName = Release;
		};
/* End XCConfigurationList section */
	};
	rootObject = E5BACD5A27A9B58100B7ACB4 /* Project object */;
}
